// !$*UTF8*$!
{
	archiveVersion = 1;
	classes = {
	};
	objectVersion = 50;
	objects = {

/* Begin PBXBuildFile section */
		05019B1326810B53009D2B7C /* Opening.storyboard in Resources */ = {isa = PBXBuildFile; fileRef = 05019B1226810B53009D2B7C /* Opening.storyboard */; };
		050464C5268746EE00536673 /* A4.aiff in Resources */ = {isa = PBXBuildFile; fileRef = 050464C02687458D00536673 /* A4.aiff */; };
		050464C6268746EE00536673 /* F4.aiff in Resources */ = {isa = PBXBuildFile; fileRef = 050464C42687458D00536673 /* F4.aiff */; };
		050464C7268746EE00536673 /* D4.aiff in Resources */ = {isa = PBXBuildFile; fileRef = 050464BF2687458D00536673 /* D4.aiff */; };
		050464C8268746EE00536673 /* C4.aiff in Resources */ = {isa = PBXBuildFile; fileRef = 050464BD2687458D00536673 /* C4.aiff */; };
		050464C9268746EE00536673 /* C5.aiff in Resources */ = {isa = PBXBuildFile; fileRef = 050464C12687458D00536673 /* C5.aiff */; };
		050464CA268746EE00536673 /* E4.aiff in Resources */ = {isa = PBXBuildFile; fileRef = 050464BE2687458D00536673 /* E4.aiff */; };
		050464CB268746EE00536673 /* B4.aiff in Resources */ = {isa = PBXBuildFile; fileRef = 050464C22687458D00536673 /* B4.aiff */; };
		050464CC268746EE00536673 /* G4.aiff in Resources */ = {isa = PBXBuildFile; fileRef = 050464C32687458D00536673 /* G4.aiff */; };
		05115F8E26876F2400172550 /* SF-Pro-Rounded-Medium.otf in Resources */ = {isa = PBXBuildFile; fileRef = 05115F8526876F2200172550 /* SF-Pro-Rounded-Medium.otf */; };
		05115F8F26876F2400172550 /* SF-Pro-Rounded-Heavy.otf in Resources */ = {isa = PBXBuildFile; fileRef = 05115F8626876F2200172550 /* SF-Pro-Rounded-Heavy.otf */; };
		05115F9026876F2400172550 /* SF-Pro-Rounded-Semibold.otf in Resources */ = {isa = PBXBuildFile; fileRef = 05115F8726876F2200172550 /* SF-Pro-Rounded-Semibold.otf */; };
		05115F9126876F2400172550 /* SF-Pro-Rounded-Thin.otf in Resources */ = {isa = PBXBuildFile; fileRef = 05115F8826876F2200172550 /* SF-Pro-Rounded-Thin.otf */; };
		05115F9226876F2400172550 /* SF-Pro-Rounded-Black.otf in Resources */ = {isa = PBXBuildFile; fileRef = 05115F8926876F2300172550 /* SF-Pro-Rounded-Black.otf */; };
		05115F9326876F2400172550 /* SF-Pro-Rounded-Light.otf in Resources */ = {isa = PBXBuildFile; fileRef = 05115F8A26876F2300172550 /* SF-Pro-Rounded-Light.otf */; };
		05115F9426876F2400172550 /* SF-Pro-Rounded-Bold.otf in Resources */ = {isa = PBXBuildFile; fileRef = 05115F8B26876F2300172550 /* SF-Pro-Rounded-Bold.otf */; };
		05115F9526876F2400172550 /* SF-Pro-Rounded-Ultralight.otf in Resources */ = {isa = PBXBuildFile; fileRef = 05115F8C26876F2300172550 /* SF-Pro-Rounded-Ultralight.otf */; };
		05115F9626876F2400172550 /* SF-Pro-Rounded-Regular.otf in Resources */ = {isa = PBXBuildFile; fileRef = 05115F8D26876F2400172550 /* SF-Pro-Rounded-Regular.otf */; };
		0517768D26832A0600C895A8 /* Congratulations.storyboard in Resources */ = {isa = PBXBuildFile; fileRef = 0517768C26832A0600C895A8 /* Congratulations.storyboard */; };
		05596F972684E77100F5769E /* NewPlayViewController.swift in Sources */ = {isa = PBXBuildFile; fileRef = 05596F962684E77100F5769E /* NewPlayViewController.swift */; };
		05596F9C2684F73700F5769E /* PartiturCollectionViewCell.swift in Sources */ = {isa = PBXBuildFile; fileRef = 05596F9A2684F73700F5769E /* PartiturCollectionViewCell.swift */; };
		05596F9D2684F73700F5769E /* PartiturCollectionViewCell.xib in Resources */ = {isa = PBXBuildFile; fileRef = 05596F9B2684F73700F5769E /* PartiturCollectionViewCell.xib */; };
		055C9AA6268312AE00BC66A2 /* PlayScreenMultiplayer .storyboard in Resources */ = {isa = PBXBuildFile; fileRef = 055C9AA5268312AE00BC66A2 /* PlayScreenMultiplayer .storyboard */; };
		055C9AA8268313D200BC66A2 /* CongratulationsViewController.swift in Sources */ = {isa = PBXBuildFile; fileRef = 055C9AA7268313D200BC66A2 /* CongratulationsViewController.swift */; };
		055C9AAA2683144000BC66A2 /* NotSelectedViewController.swift in Sources */ = {isa = PBXBuildFile; fileRef = 055C9AA92683144000BC66A2 /* NotSelectedViewController.swift */; };
		055C9AAC2683149A00BC66A2 /* Badges.storyboard in Resources */ = {isa = PBXBuildFile; fileRef = 055C9AAB2683149A00BC66A2 /* Badges.storyboard */; };
		055C9AAE268314B500BC66A2 /* BadgesViewController.swift in Sources */ = {isa = PBXBuildFile; fileRef = 055C9AAD268314B500BC66A2 /* BadgesViewController.swift */; };
		055D0A622682D5BF00917872 /* ChoosePlayerViewController.swift in Sources */ = {isa = PBXBuildFile; fileRef = 055D0A612682D5BF00917872 /* ChoosePlayerViewController.swift */; };
		05D4F9D72685CFC8009D8DD3 /* NewPlayScreen.storyboard in Resources */ = {isa = PBXBuildFile; fileRef = 05D4F9D62685CFC8009D8DD3 /* NewPlayScreen.storyboard */; };
		05F51A91267F8C6A0084EEA3 /* MPC.storyboard in Resources */ = {isa = PBXBuildFile; fileRef = 05F51A90267F8C6A0084EEA3 /* MPC.storyboard */; };
		05F51A93267F8CD20084EEA3 /* MPCViewController.swift in Sources */ = {isa = PBXBuildFile; fileRef = 05F51A92267F8CD20084EEA3 /* MPCViewController.swift */; };
		05F51A97267F9DE00084EEA3 /* Song.swift in Sources */ = {isa = PBXBuildFile; fileRef = 05F51A96267F9DE00084EEA3 /* Song.swift */; };
		360B7697268497970036FC55 /* Suwe.mp3 in Resources */ = {isa = PBXBuildFile; fileRef = 360B7696268497970036FC55 /* Suwe.mp3 */; };
		368BCB002686BCF700AA4ADD /* G5g.aiff in Resources */ = {isa = PBXBuildFile; fileRef = 368BCAF12686BCF600AA4ADD /* G5g.aiff */; };
		368BCB012686BCF700AA4ADD /* E5g.aiff in Resources */ = {isa = PBXBuildFile; fileRef = 368BCAF22686BCF600AA4ADD /* E5g.aiff */; };
		368BCB022686BCF700AA4ADD /* D5g.aiff in Resources */ = {isa = PBXBuildFile; fileRef = 368BCAF32686BCF600AA4ADD /* D5g.aiff */; };
		368BCB032686BCF700AA4ADD /* A5g.aiff in Resources */ = {isa = PBXBuildFile; fileRef = 368BCAF42686BCF600AA4ADD /* A5g.aiff */; };
		368BCB042686BCF700AA4ADD /* D4g.aiff in Resources */ = {isa = PBXBuildFile; fileRef = 368BCAF52686BCF600AA4ADD /* D4g.aiff */; };
		368BCB052686BCF700AA4ADD /* C6g.aiff in Resources */ = {isa = PBXBuildFile; fileRef = 368BCAF62686BCF600AA4ADD /* C6g.aiff */; };
		368BCB062686BCF700AA4ADD /* F4g.aiff in Resources */ = {isa = PBXBuildFile; fileRef = 368BCAF72686BCF600AA4ADD /* F4g.aiff */; };
		368BCB072686BCF700AA4ADD /* B5g.aiff in Resources */ = {isa = PBXBuildFile; fileRef = 368BCAF82686BCF700AA4ADD /* B5g.aiff */; };
		368BCB082686BCF700AA4ADD /* A4g.aiff in Resources */ = {isa = PBXBuildFile; fileRef = 368BCAF92686BCF700AA4ADD /* A4g.aiff */; };
		368BCB092686BCF700AA4ADD /* E4g.aiff in Resources */ = {isa = PBXBuildFile; fileRef = 368BCAFA2686BCF700AA4ADD /* E4g.aiff */; };
		368BCB0A2686BCF700AA4ADD /* C5g.aiff in Resources */ = {isa = PBXBuildFile; fileRef = 368BCAFB2686BCF700AA4ADD /* C5g.aiff */; };
		368BCB0B2686BCF700AA4ADD /* B4g.aiff in Resources */ = {isa = PBXBuildFile; fileRef = 368BCAFC2686BCF700AA4ADD /* B4g.aiff */; };
		368BCB0C2686BCF700AA4ADD /* C4g.aiff in Resources */ = {isa = PBXBuildFile; fileRef = 368BCAFD2686BCF700AA4ADD /* C4g.aiff */; };
		368BCB0D2686BCF700AA4ADD /* F5g.aiff in Resources */ = {isa = PBXBuildFile; fileRef = 368BCAFE2686BCF700AA4ADD /* F5g.aiff */; };
		368BCB0E2686BCF700AA4ADD /* G4g.aiff in Resources */ = {isa = PBXBuildFile; fileRef = 368BCAFF2686BCF700AA4ADD /* G4g.aiff */; };
		3F0F44EB267F2C1600C23FEA /* PickNotViewController.swift in Sources */ = {isa = PBXBuildFile; fileRef = 3F0F44EA267F2C1600C23FEA /* PickNotViewController.swift */; };
		3F10AD882682EB4600B23403 /* gifLoader.swift in Sources */ = {isa = PBXBuildFile; fileRef = 3F10AD872682EB4600B23403 /* gifLoader.swift */; };
		3F1223BF26845F05001C437C /* PlayViewController.swift in Sources */ = {isa = PBXBuildFile; fileRef = 3F1223BE26845F05001C437C /* PlayViewController.swift */; };
		8F26BD282677919800F020D7 /* AppDelegate.swift in Sources */ = {isa = PBXBuildFile; fileRef = 8F26BD272677919800F020D7 /* AppDelegate.swift */; };
		8F26BD2A2677919800F020D7 /* SceneDelegate.swift in Sources */ = {isa = PBXBuildFile; fileRef = 8F26BD292677919800F020D7 /* SceneDelegate.swift */; };
		8F26BD2C2677919800F020D7 /* ViewController.swift in Sources */ = {isa = PBXBuildFile; fileRef = 8F26BD2B2677919800F020D7 /* ViewController.swift */; };
		8F26BD2F2677919800F020D7 /* Main.storyboard in Resources */ = {isa = PBXBuildFile; fileRef = 8F26BD2D2677919800F020D7 /* Main.storyboard */; };
		8F26BD322677919800F020D7 /* BimbarAngklungApp.xcdatamodeld in Sources */ = {isa = PBXBuildFile; fileRef = 8F26BD302677919800F020D7 /* BimbarAngklungApp.xcdatamodeld */; };
		8F26BD342677919900F020D7 /* Assets.xcassets in Resources */ = {isa = PBXBuildFile; fileRef = 8F26BD332677919900F020D7 /* Assets.xcassets */; };
		8F26BD372677919900F020D7 /* LaunchScreen.storyboard in Resources */ = {isa = PBXBuildFile; fileRef = 8F26BD352677919900F020D7 /* LaunchScreen.storyboard */; };
		8F26BD422677919900F020D7 /* BimbarAngklungAppTests.swift in Sources */ = {isa = PBXBuildFile; fileRef = 8F26BD412677919900F020D7 /* BimbarAngklungAppTests.swift */; };
		8F26BD4D2677919900F020D7 /* BimbarAngklungAppUITests.swift in Sources */ = {isa = PBXBuildFile; fileRef = 8F26BD4C2677919900F020D7 /* BimbarAngklungAppUITests.swift */; };
		8FC1D9252680A629009A2FF5 /* SongInformationModalViewController.swift in Sources */ = {isa = PBXBuildFile; fileRef = 8FC1D9242680A629009A2FF5 /* SongInformationModalViewController.swift */; };
		8FCCCCB62677C788009FAC16 /* FreePlayViewController.swift in Sources */ = {isa = PBXBuildFile; fileRef = 8FCCCCB52677C788009FAC16 /* FreePlayViewController.swift */; };
		8FCCCCDA26788E8E009FAC16 /* LevelSelectionViewController.swift in Sources */ = {isa = PBXBuildFile; fileRef = 8FCCCCD926788E8E009FAC16 /* LevelSelectionViewController.swift */; };
		8FCCCCDE2678C046009FAC16 /* LevelSelectionViewCell.swift in Sources */ = {isa = PBXBuildFile; fileRef = 8FCCCCDD2678C046009FAC16 /* LevelSelectionViewCell.swift */; };
		8FCCCCE02679F3D9009FAC16 /* LevelPlayViewController.swift in Sources */ = {isa = PBXBuildFile; fileRef = 8FCCCCDF2679F3D9009FAC16 /* LevelPlayViewController.swift */; };
		8FCCCCE4267B3FC0009FAC16 /* SelectSongViewController.swift in Sources */ = {isa = PBXBuildFile; fileRef = 8FCCCCE3267B3FC0009FAC16 /* SelectSongViewController.swift */; };
		8FCCCCE6267B445B009FAC16 /* SongSelectionTableViewCell.swift in Sources */ = {isa = PBXBuildFile; fileRef = 8FCCCCE5267B445B009FAC16 /* SongSelectionTableViewCell.swift */; };
/* End PBXBuildFile section */

/* Begin PBXContainerItemProxy section */
		8F26BD3E2677919900F020D7 /* PBXContainerItemProxy */ = {
			isa = PBXContainerItemProxy;
			containerPortal = 8F26BD1C2677919800F020D7 /* Project object */;
			proxyType = 1;
			remoteGlobalIDString = 8F26BD232677919800F020D7;
			remoteInfo = BimbarAngklungApp;
		};
		8F26BD492677919900F020D7 /* PBXContainerItemProxy */ = {
			isa = PBXContainerItemProxy;
			containerPortal = 8F26BD1C2677919800F020D7 /* Project object */;
			proxyType = 1;
			remoteGlobalIDString = 8F26BD232677919800F020D7;
			remoteInfo = BimbarAngklungApp;
		};
/* End PBXContainerItemProxy section */

/* Begin PBXFileReference section */
		05019B1226810B53009D2B7C /* Opening.storyboard */ = {isa = PBXFileReference; lastKnownFileType = file.storyboard; path = Opening.storyboard; sourceTree = "<group>"; };
		050464BD2687458D00536673 /* C4.aiff */ = {isa = PBXFileReference; lastKnownFileType = audio.aiff; path = C4.aiff; sourceTree = "<group>"; };
		050464BE2687458D00536673 /* E4.aiff */ = {isa = PBXFileReference; lastKnownFileType = audio.aiff; path = E4.aiff; sourceTree = "<group>"; };
		050464BF2687458D00536673 /* D4.aiff */ = {isa = PBXFileReference; lastKnownFileType = audio.aiff; path = D4.aiff; sourceTree = "<group>"; };
		050464C02687458D00536673 /* A4.aiff */ = {isa = PBXFileReference; lastKnownFileType = audio.aiff; path = A4.aiff; sourceTree = "<group>"; };
		050464C12687458D00536673 /* C5.aiff */ = {isa = PBXFileReference; lastKnownFileType = audio.aiff; path = C5.aiff; sourceTree = "<group>"; };
		050464C22687458D00536673 /* B4.aiff */ = {isa = PBXFileReference; lastKnownFileType = audio.aiff; path = B4.aiff; sourceTree = "<group>"; };
		050464C32687458D00536673 /* G4.aiff */ = {isa = PBXFileReference; lastKnownFileType = audio.aiff; path = G4.aiff; sourceTree = "<group>"; };
		050464C42687458D00536673 /* F4.aiff */ = {isa = PBXFileReference; lastKnownFileType = audio.aiff; path = F4.aiff; sourceTree = "<group>"; };
		05115F8526876F2200172550 /* SF-Pro-Rounded-Medium.otf */ = {isa = PBXFileReference; lastKnownFileType = file; path = "SF-Pro-Rounded-Medium.otf"; sourceTree = "<group>"; };
		05115F8626876F2200172550 /* SF-Pro-Rounded-Heavy.otf */ = {isa = PBXFileReference; lastKnownFileType = file; path = "SF-Pro-Rounded-Heavy.otf"; sourceTree = "<group>"; };
		05115F8726876F2200172550 /* SF-Pro-Rounded-Semibold.otf */ = {isa = PBXFileReference; lastKnownFileType = file; path = "SF-Pro-Rounded-Semibold.otf"; sourceTree = "<group>"; };
		05115F8826876F2200172550 /* SF-Pro-Rounded-Thin.otf */ = {isa = PBXFileReference; lastKnownFileType = file; path = "SF-Pro-Rounded-Thin.otf"; sourceTree = "<group>"; };
		05115F8926876F2300172550 /* SF-Pro-Rounded-Black.otf */ = {isa = PBXFileReference; lastKnownFileType = file; path = "SF-Pro-Rounded-Black.otf"; sourceTree = "<group>"; };
		05115F8A26876F2300172550 /* SF-Pro-Rounded-Light.otf */ = {isa = PBXFileReference; lastKnownFileType = file; path = "SF-Pro-Rounded-Light.otf"; sourceTree = "<group>"; };
		05115F8B26876F2300172550 /* SF-Pro-Rounded-Bold.otf */ = {isa = PBXFileReference; lastKnownFileType = file; path = "SF-Pro-Rounded-Bold.otf"; sourceTree = "<group>"; };
		05115F8C26876F2300172550 /* SF-Pro-Rounded-Ultralight.otf */ = {isa = PBXFileReference; lastKnownFileType = file; path = "SF-Pro-Rounded-Ultralight.otf"; sourceTree = "<group>"; };
		05115F8D26876F2400172550 /* SF-Pro-Rounded-Regular.otf */ = {isa = PBXFileReference; lastKnownFileType = file; path = "SF-Pro-Rounded-Regular.otf"; sourceTree = "<group>"; };
		0517768C26832A0600C895A8 /* Congratulations.storyboard */ = {isa = PBXFileReference; lastKnownFileType = file.storyboard; path = Congratulations.storyboard; sourceTree = "<group>"; };
		05596F962684E77100F5769E /* NewPlayViewController.swift */ = {isa = PBXFileReference; lastKnownFileType = sourcecode.swift; path = NewPlayViewController.swift; sourceTree = "<group>"; };
		05596F9A2684F73700F5769E /* PartiturCollectionViewCell.swift */ = {isa = PBXFileReference; lastKnownFileType = sourcecode.swift; path = PartiturCollectionViewCell.swift; sourceTree = "<group>"; };
		05596F9B2684F73700F5769E /* PartiturCollectionViewCell.xib */ = {isa = PBXFileReference; lastKnownFileType = file.xib; path = PartiturCollectionViewCell.xib; sourceTree = "<group>"; };
		055C9AA5268312AE00BC66A2 /* PlayScreenMultiplayer .storyboard */ = {isa = PBXFileReference; lastKnownFileType = file.storyboard; path = "PlayScreenMultiplayer .storyboard"; sourceTree = "<group>"; };
		055C9AA7268313D200BC66A2 /* CongratulationsViewController.swift */ = {isa = PBXFileReference; lastKnownFileType = sourcecode.swift; path = CongratulationsViewController.swift; sourceTree = "<group>"; };
		055C9AA92683144000BC66A2 /* NotSelectedViewController.swift */ = {isa = PBXFileReference; lastKnownFileType = sourcecode.swift; path = NotSelectedViewController.swift; sourceTree = "<group>"; };
		055C9AAB2683149A00BC66A2 /* Badges.storyboard */ = {isa = PBXFileReference; lastKnownFileType = file.storyboard; path = Badges.storyboard; sourceTree = "<group>"; };
		055C9AAD268314B500BC66A2 /* BadgesViewController.swift */ = {isa = PBXFileReference; lastKnownFileType = sourcecode.swift; path = BadgesViewController.swift; sourceTree = "<group>"; };
		055D0A612682D5BF00917872 /* ChoosePlayerViewController.swift */ = {isa = PBXFileReference; lastKnownFileType = sourcecode.swift; path = ChoosePlayerViewController.swift; sourceTree = "<group>"; };
		05D4F9D62685CFC8009D8DD3 /* NewPlayScreen.storyboard */ = {isa = PBXFileReference; lastKnownFileType = file.storyboard; path = NewPlayScreen.storyboard; sourceTree = "<group>"; };
		05F51A90267F8C6A0084EEA3 /* MPC.storyboard */ = {isa = PBXFileReference; lastKnownFileType = file.storyboard; path = MPC.storyboard; sourceTree = "<group>"; };
		05F51A92267F8CD20084EEA3 /* MPCViewController.swift */ = {isa = PBXFileReference; lastKnownFileType = sourcecode.swift; path = MPCViewController.swift; sourceTree = "<group>"; };
		05F51A96267F9DE00084EEA3 /* Song.swift */ = {isa = PBXFileReference; lastKnownFileType = sourcecode.swift; path = Song.swift; sourceTree = "<group>"; };
		360B7696268497970036FC55 /* Suwe.mp3 */ = {isa = PBXFileReference; lastKnownFileType = audio.mp3; path = Suwe.mp3; sourceTree = "<group>"; };
		368BCAF12686BCF600AA4ADD /* G5g.aiff */ = {isa = PBXFileReference; lastKnownFileType = audio.aiff; path = G5g.aiff; sourceTree = "<group>"; };
		368BCAF22686BCF600AA4ADD /* E5g.aiff */ = {isa = PBXFileReference; lastKnownFileType = audio.aiff; path = E5g.aiff; sourceTree = "<group>"; };
		368BCAF32686BCF600AA4ADD /* D5g.aiff */ = {isa = PBXFileReference; lastKnownFileType = audio.aiff; path = D5g.aiff; sourceTree = "<group>"; };
		368BCAF42686BCF600AA4ADD /* A5g.aiff */ = {isa = PBXFileReference; lastKnownFileType = audio.aiff; path = A5g.aiff; sourceTree = "<group>"; };
		368BCAF52686BCF600AA4ADD /* D4g.aiff */ = {isa = PBXFileReference; lastKnownFileType = audio.aiff; path = D4g.aiff; sourceTree = "<group>"; };
		368BCAF62686BCF600AA4ADD /* C6g.aiff */ = {isa = PBXFileReference; lastKnownFileType = audio.aiff; path = C6g.aiff; sourceTree = "<group>"; };
		368BCAF72686BCF600AA4ADD /* F4g.aiff */ = {isa = PBXFileReference; lastKnownFileType = audio.aiff; path = F4g.aiff; sourceTree = "<group>"; };
		368BCAF82686BCF700AA4ADD /* B5g.aiff */ = {isa = PBXFileReference; lastKnownFileType = audio.aiff; path = B5g.aiff; sourceTree = "<group>"; };
		368BCAF92686BCF700AA4ADD /* A4g.aiff */ = {isa = PBXFileReference; lastKnownFileType = audio.aiff; path = A4g.aiff; sourceTree = "<group>"; };
		368BCAFA2686BCF700AA4ADD /* E4g.aiff */ = {isa = PBXFileReference; lastKnownFileType = audio.aiff; path = E4g.aiff; sourceTree = "<group>"; };
		368BCAFB2686BCF700AA4ADD /* C5g.aiff */ = {isa = PBXFileReference; lastKnownFileType = audio.aiff; path = C5g.aiff; sourceTree = "<group>"; };
		368BCAFC2686BCF700AA4ADD /* B4g.aiff */ = {isa = PBXFileReference; lastKnownFileType = audio.aiff; path = B4g.aiff; sourceTree = "<group>"; };
		368BCAFD2686BCF700AA4ADD /* C4g.aiff */ = {isa = PBXFileReference; lastKnownFileType = audio.aiff; path = C4g.aiff; sourceTree = "<group>"; };
		368BCAFE2686BCF700AA4ADD /* F5g.aiff */ = {isa = PBXFileReference; lastKnownFileType = audio.aiff; path = F5g.aiff; sourceTree = "<group>"; };
		368BCAFF2686BCF700AA4ADD /* G4g.aiff */ = {isa = PBXFileReference; lastKnownFileType = audio.aiff; path = G4g.aiff; sourceTree = "<group>"; };
		3F0F44EA267F2C1600C23FEA /* PickNotViewController.swift */ = {isa = PBXFileReference; lastKnownFileType = sourcecode.swift; path = PickNotViewController.swift; sourceTree = "<group>"; };
		3F10AD872682EB4600B23403 /* gifLoader.swift */ = {isa = PBXFileReference; lastKnownFileType = sourcecode.swift; path = gifLoader.swift; sourceTree = "<group>"; };
		3F1223BE26845F05001C437C /* PlayViewController.swift */ = {isa = PBXFileReference; lastKnownFileType = sourcecode.swift; path = PlayViewController.swift; sourceTree = "<group>"; };
		8F26BD242677919800F020D7 /* BimbarAngklungApp.app */ = {isa = PBXFileReference; explicitFileType = wrapper.application; includeInIndex = 0; path = BimbarAngklungApp.app; sourceTree = BUILT_PRODUCTS_DIR; };
		8F26BD272677919800F020D7 /* AppDelegate.swift */ = {isa = PBXFileReference; lastKnownFileType = sourcecode.swift; path = AppDelegate.swift; sourceTree = "<group>"; };
		8F26BD292677919800F020D7 /* SceneDelegate.swift */ = {isa = PBXFileReference; lastKnownFileType = sourcecode.swift; path = SceneDelegate.swift; sourceTree = "<group>"; };
		8F26BD2B2677919800F020D7 /* ViewController.swift */ = {isa = PBXFileReference; lastKnownFileType = sourcecode.swift; path = ViewController.swift; sourceTree = "<group>"; };
		8F26BD2E2677919800F020D7 /* Base */ = {isa = PBXFileReference; lastKnownFileType = file.storyboard; name = Base; path = Base.lproj/Main.storyboard; sourceTree = "<group>"; };
		8F26BD312677919800F020D7 /* BimbarAngklungApp.xcdatamodel */ = {isa = PBXFileReference; lastKnownFileType = wrapper.xcdatamodel; path = BimbarAngklungApp.xcdatamodel; sourceTree = "<group>"; };
		8F26BD332677919900F020D7 /* Assets.xcassets */ = {isa = PBXFileReference; lastKnownFileType = folder.assetcatalog; path = Assets.xcassets; sourceTree = "<group>"; };
		8F26BD362677919900F020D7 /* Base */ = {isa = PBXFileReference; lastKnownFileType = file.storyboard; name = Base; path = Base.lproj/LaunchScreen.storyboard; sourceTree = "<group>"; };
		8F26BD382677919900F020D7 /* Info.plist */ = {isa = PBXFileReference; lastKnownFileType = text.plist.xml; path = Info.plist; sourceTree = "<group>"; };
		8F26BD3D2677919900F020D7 /* BimbarAngklungAppTests.xctest */ = {isa = PBXFileReference; explicitFileType = wrapper.cfbundle; includeInIndex = 0; path = BimbarAngklungAppTests.xctest; sourceTree = BUILT_PRODUCTS_DIR; };
		8F26BD412677919900F020D7 /* BimbarAngklungAppTests.swift */ = {isa = PBXFileReference; lastKnownFileType = sourcecode.swift; path = BimbarAngklungAppTests.swift; sourceTree = "<group>"; };
		8F26BD432677919900F020D7 /* Info.plist */ = {isa = PBXFileReference; lastKnownFileType = text.plist.xml; path = Info.plist; sourceTree = "<group>"; };
		8F26BD482677919900F020D7 /* BimbarAngklungAppUITests.xctest */ = {isa = PBXFileReference; explicitFileType = wrapper.cfbundle; includeInIndex = 0; path = BimbarAngklungAppUITests.xctest; sourceTree = BUILT_PRODUCTS_DIR; };
		8F26BD4C2677919900F020D7 /* BimbarAngklungAppUITests.swift */ = {isa = PBXFileReference; lastKnownFileType = sourcecode.swift; path = BimbarAngklungAppUITests.swift; sourceTree = "<group>"; };
		8F26BD4E2677919900F020D7 /* Info.plist */ = {isa = PBXFileReference; lastKnownFileType = text.plist.xml; path = Info.plist; sourceTree = "<group>"; };
		8FC1D9242680A629009A2FF5 /* SongInformationModalViewController.swift */ = {isa = PBXFileReference; lastKnownFileType = sourcecode.swift; path = SongInformationModalViewController.swift; sourceTree = "<group>"; };
		8FCCCCB52677C788009FAC16 /* FreePlayViewController.swift */ = {isa = PBXFileReference; lastKnownFileType = sourcecode.swift; path = FreePlayViewController.swift; sourceTree = "<group>"; };
		8FCCCCD926788E8E009FAC16 /* LevelSelectionViewController.swift */ = {isa = PBXFileReference; lastKnownFileType = sourcecode.swift; path = LevelSelectionViewController.swift; sourceTree = "<group>"; };
		8FCCCCDD2678C046009FAC16 /* LevelSelectionViewCell.swift */ = {isa = PBXFileReference; lastKnownFileType = sourcecode.swift; path = LevelSelectionViewCell.swift; sourceTree = "<group>"; };
		8FCCCCDF2679F3D9009FAC16 /* LevelPlayViewController.swift */ = {isa = PBXFileReference; lastKnownFileType = sourcecode.swift; path = LevelPlayViewController.swift; sourceTree = "<group>"; };
		8FCCCCE3267B3FC0009FAC16 /* SelectSongViewController.swift */ = {isa = PBXFileReference; lastKnownFileType = sourcecode.swift; path = SelectSongViewController.swift; sourceTree = "<group>"; };
		8FCCCCE5267B445B009FAC16 /* SongSelectionTableViewCell.swift */ = {isa = PBXFileReference; lastKnownFileType = sourcecode.swift; path = SongSelectionTableViewCell.swift; sourceTree = "<group>"; };
/* End PBXFileReference section */

/* Begin PBXFrameworksBuildPhase section */
		8F26BD212677919800F020D7 /* Frameworks */ = {
			isa = PBXFrameworksBuildPhase;
			buildActionMask = 2147483647;
			files = (
			);
			runOnlyForDeploymentPostprocessing = 0;
		};
		8F26BD3A2677919900F020D7 /* Frameworks */ = {
			isa = PBXFrameworksBuildPhase;
			buildActionMask = 2147483647;
			files = (
			);
			runOnlyForDeploymentPostprocessing = 0;
		};
		8F26BD452677919900F020D7 /* Frameworks */ = {
			isa = PBXFrameworksBuildPhase;
			buildActionMask = 2147483647;
			files = (
			);
			runOnlyForDeploymentPostprocessing = 0;
		};
/* End PBXFrameworksBuildPhase section */

/* Begin PBXGroup section */
		05115F8426876F0900172550 /* Font */ = {
			isa = PBXGroup;
			children = (
				05115F8926876F2300172550 /* SF-Pro-Rounded-Black.otf */,
				05115F8B26876F2300172550 /* SF-Pro-Rounded-Bold.otf */,
				05115F8626876F2200172550 /* SF-Pro-Rounded-Heavy.otf */,
				05115F8A26876F2300172550 /* SF-Pro-Rounded-Light.otf */,
				05115F8526876F2200172550 /* SF-Pro-Rounded-Medium.otf */,
				05115F8D26876F2400172550 /* SF-Pro-Rounded-Regular.otf */,
				05115F8726876F2200172550 /* SF-Pro-Rounded-Semibold.otf */,
				05115F8826876F2200172550 /* SF-Pro-Rounded-Thin.otf */,
				05115F8C26876F2300172550 /* SF-Pro-Rounded-Ultralight.otf */,
			);
			path = Font;
			sourceTree = "<group>";
		};
		05F51A8D267F8B830084EEA3 /* Views */ = {
			isa = PBXGroup;
			children = (
				8F26BD352677919900F020D7 /* LaunchScreen.storyboard */,
				05019B1226810B53009D2B7C /* Opening.storyboard */,
				8F26BD2D2677919800F020D7 /* Main.storyboard */,
				05F51A90267F8C6A0084EEA3 /* MPC.storyboard */,
				055C9AA5268312AE00BC66A2 /* PlayScreenMultiplayer .storyboard */,
				05D4F9D62685CFC8009D8DD3 /* NewPlayScreen.storyboard */,
				0517768C26832A0600C895A8 /* Congratulations.storyboard */,
				055C9AAB2683149A00BC66A2 /* Badges.storyboard */,
				05F51A8F267F8C120084EEA3 /* Cell */,
				05F51A8E267F8BE40084EEA3 /* Controller */,
			);
			path = Views;
			sourceTree = "<group>";
		};
		05F51A8E267F8BE40084EEA3 /* Controller */ = {
			isa = PBXGroup;
			children = (
				3F1223BE26845F05001C437C /* PlayViewController.swift */,
				8F26BD2B2677919800F020D7 /* ViewController.swift */,
				8FCCCCE3267B3FC0009FAC16 /* SelectSongViewController.swift */,
				3F0F44EA267F2C1600C23FEA /* PickNotViewController.swift */,
				8FCCCCDF2679F3D9009FAC16 /* LevelPlayViewController.swift */,
				055C9AAD268314B500BC66A2 /* BadgesViewController.swift */,
				05596F962684E77100F5769E /* NewPlayViewController.swift */,
				8FCCCCB52677C788009FAC16 /* FreePlayViewController.swift */,
				8FCCCCD926788E8E009FAC16 /* LevelSelectionViewController.swift */,
				055C9AA92683144000BC66A2 /* NotSelectedViewController.swift */,
				05F51A92267F8CD20084EEA3 /* MPCViewController.swift */,
				055C9AA7268313D200BC66A2 /* CongratulationsViewController.swift */,
				8FC1D9242680A629009A2FF5 /* SongInformationModalViewController.swift */,
				055D0A612682D5BF00917872 /* ChoosePlayerViewController.swift */,
			);
			path = Controller;
			sourceTree = "<group>";
		};
		05F51A8F267F8C120084EEA3 /* Cell */ = {
			isa = PBXGroup;
			children = (
				8FCCCCE5267B445B009FAC16 /* SongSelectionTableViewCell.swift */,
				8FCCCCDD2678C046009FAC16 /* LevelSelectionViewCell.swift */,
				05596F9A2684F73700F5769E /* PartiturCollectionViewCell.swift */,
				05596F9B2684F73700F5769E /* PartiturCollectionViewCell.xib */,
			);
			path = Cell;
			sourceTree = "<group>";
		};
		05F51A95267F9D3C0084EEA3 /* Models */ = {
			isa = PBXGroup;
			children = (
				05F51A96267F9DE00084EEA3 /* Song.swift */,
				3F10AD872682EB4600B23403 /* gifLoader.swift */,
			);
			path = Models;
			sourceTree = "<group>";
		};
		8F26BD1B2677919800F020D7 = {
			isa = PBXGroup;
			children = (
				05115F8426876F0900172550 /* Font */,
				8FCCCCC82677D7E5009FAC16 /* Sounds */,
				8F26BD262677919800F020D7 /* BimbarAngklungApp */,
				8F26BD402677919900F020D7 /* BimbarAngklungAppTests */,
				8F26BD4B2677919900F020D7 /* BimbarAngklungAppUITests */,
				8F26BD252677919800F020D7 /* Products */,
			);
			sourceTree = "<group>";
		};
		8F26BD252677919800F020D7 /* Products */ = {
			isa = PBXGroup;
			children = (
				8F26BD242677919800F020D7 /* BimbarAngklungApp.app */,
				8F26BD3D2677919900F020D7 /* BimbarAngklungAppTests.xctest */,
				8F26BD482677919900F020D7 /* BimbarAngklungAppUITests.xctest */,
			);
			name = Products;
			sourceTree = "<group>";
		};
		8F26BD262677919800F020D7 /* BimbarAngklungApp */ = {
			isa = PBXGroup;
			children = (
				05F51A95267F9D3C0084EEA3 /* Models */,
				05F51A8D267F8B830084EEA3 /* Views */,
				8F26BD272677919800F020D7 /* AppDelegate.swift */,
				8F26BD292677919800F020D7 /* SceneDelegate.swift */,
				8F26BD332677919900F020D7 /* Assets.xcassets */,
				8F26BD382677919900F020D7 /* Info.plist */,
				8F26BD302677919800F020D7 /* BimbarAngklungApp.xcdatamodeld */,
			);
			path = BimbarAngklungApp;
			sourceTree = "<group>";
		};
		8F26BD402677919900F020D7 /* BimbarAngklungAppTests */ = {
			isa = PBXGroup;
			children = (
				8F26BD412677919900F020D7 /* BimbarAngklungAppTests.swift */,
				8F26BD432677919900F020D7 /* Info.plist */,
			);
			path = BimbarAngklungAppTests;
			sourceTree = "<group>";
		};
		8F26BD4B2677919900F020D7 /* BimbarAngklungAppUITests */ = {
			isa = PBXGroup;
			children = (
				8F26BD4C2677919900F020D7 /* BimbarAngklungAppUITests.swift */,
				8F26BD4E2677919900F020D7 /* Info.plist */,
			);
			path = BimbarAngklungAppUITests;
			sourceTree = "<group>";
		};
		8FCCCCC82677D7E5009FAC16 /* Sounds */ = {
			isa = PBXGroup;
			children = (
				360B7696268497970036FC55 /* Suwe.mp3 */,
				050464C02687458D00536673 /* A4.aiff */,
				050464C22687458D00536673 /* B4.aiff */,
				050464BD2687458D00536673 /* C4.aiff */,
				050464C12687458D00536673 /* C5.aiff */,
				050464BF2687458D00536673 /* D4.aiff */,
				050464BE2687458D00536673 /* E4.aiff */,
				050464C42687458D00536673 /* F4.aiff */,
				050464C32687458D00536673 /* G4.aiff */,
				368BCAF92686BCF700AA4ADD /* A4g.aiff */,
				368BCAF42686BCF600AA4ADD /* A5g.aiff */,
				368BCAFC2686BCF700AA4ADD /* B4g.aiff */,
				368BCAF82686BCF700AA4ADD /* B5g.aiff */,
				368BCAFD2686BCF700AA4ADD /* C4g.aiff */,
				368BCAFB2686BCF700AA4ADD /* C5g.aiff */,
				368BCAF62686BCF600AA4ADD /* C6g.aiff */,
				368BCAF52686BCF600AA4ADD /* D4g.aiff */,
				368BCAF32686BCF600AA4ADD /* D5g.aiff */,
				368BCAFA2686BCF700AA4ADD /* E4g.aiff */,
				368BCAF22686BCF600AA4ADD /* E5g.aiff */,
				368BCAF72686BCF600AA4ADD /* F4g.aiff */,
				368BCAFE2686BCF700AA4ADD /* F5g.aiff */,
				368BCAFF2686BCF700AA4ADD /* G4g.aiff */,
				368BCAF12686BCF600AA4ADD /* G5g.aiff */,
			);
			path = Sounds;
			sourceTree = "<group>";
		};
/* End PBXGroup section */

/* Begin PBXNativeTarget section */
		8F26BD232677919800F020D7 /* BimbarAngklungApp */ = {
			isa = PBXNativeTarget;
			buildConfigurationList = 8F26BD512677919900F020D7 /* Build configuration list for PBXNativeTarget "BimbarAngklungApp" */;
			buildPhases = (
				8F26BD202677919800F020D7 /* Sources */,
				8F26BD212677919800F020D7 /* Frameworks */,
				8F26BD222677919800F020D7 /* Resources */,
			);
			buildRules = (
			);
			dependencies = (
			);
			name = BimbarAngklungApp;
			productName = BimbarAngklungApp;
			productReference = 8F26BD242677919800F020D7 /* BimbarAngklungApp.app */;
			productType = "com.apple.product-type.application";
		};
		8F26BD3C2677919900F020D7 /* BimbarAngklungAppTests */ = {
			isa = PBXNativeTarget;
			buildConfigurationList = 8F26BD542677919900F020D7 /* Build configuration list for PBXNativeTarget "BimbarAngklungAppTests" */;
			buildPhases = (
				8F26BD392677919900F020D7 /* Sources */,
				8F26BD3A2677919900F020D7 /* Frameworks */,
				8F26BD3B2677919900F020D7 /* Resources */,
			);
			buildRules = (
			);
			dependencies = (
				8F26BD3F2677919900F020D7 /* PBXTargetDependency */,
			);
			name = BimbarAngklungAppTests;
			productName = BimbarAngklungAppTests;
			productReference = 8F26BD3D2677919900F020D7 /* BimbarAngklungAppTests.xctest */;
			productType = "com.apple.product-type.bundle.unit-test";
		};
		8F26BD472677919900F020D7 /* BimbarAngklungAppUITests */ = {
			isa = PBXNativeTarget;
			buildConfigurationList = 8F26BD572677919900F020D7 /* Build configuration list for PBXNativeTarget "BimbarAngklungAppUITests" */;
			buildPhases = (
				8F26BD442677919900F020D7 /* Sources */,
				8F26BD452677919900F020D7 /* Frameworks */,
				8F26BD462677919900F020D7 /* Resources */,
			);
			buildRules = (
			);
			dependencies = (
				8F26BD4A2677919900F020D7 /* PBXTargetDependency */,
			);
			name = BimbarAngklungAppUITests;
			productName = BimbarAngklungAppUITests;
			productReference = 8F26BD482677919900F020D7 /* BimbarAngklungAppUITests.xctest */;
			productType = "com.apple.product-type.bundle.ui-testing";
		};
/* End PBXNativeTarget section */

/* Begin PBXProject section */
		8F26BD1C2677919800F020D7 /* Project object */ = {
			isa = PBXProject;
			attributes = {
				LastSwiftUpdateCheck = 1250;
				LastUpgradeCheck = 1250;
				TargetAttributes = {
					8F26BD232677919800F020D7 = {
						CreatedOnToolsVersion = 12.5;
					};
					8F26BD3C2677919900F020D7 = {
						CreatedOnToolsVersion = 12.5;
						TestTargetID = 8F26BD232677919800F020D7;
					};
					8F26BD472677919900F020D7 = {
						CreatedOnToolsVersion = 12.5;
						TestTargetID = 8F26BD232677919800F020D7;
					};
				};
			};
			buildConfigurationList = 8F26BD1F2677919800F020D7 /* Build configuration list for PBXProject "BimbarAngklungApp" */;
			compatibilityVersion = "Xcode 9.3";
			developmentRegion = en;
			hasScannedForEncodings = 0;
			knownRegions = (
				en,
				Base,
			);
			mainGroup = 8F26BD1B2677919800F020D7;
			productRefGroup = 8F26BD252677919800F020D7 /* Products */;
			projectDirPath = "";
			projectRoot = "";
			targets = (
				8F26BD232677919800F020D7 /* BimbarAngklungApp */,
				8F26BD3C2677919900F020D7 /* BimbarAngklungAppTests */,
				8F26BD472677919900F020D7 /* BimbarAngklungAppUITests */,
			);
		};
/* End PBXProject section */

/* Begin PBXResourcesBuildPhase section */
		8F26BD222677919800F020D7 /* Resources */ = {
			isa = PBXResourcesBuildPhase;
			buildActionMask = 2147483647;
			files = (
				05115F9126876F2400172550 /* SF-Pro-Rounded-Thin.otf in Resources */,
				368BCB012686BCF700AA4ADD /* E5g.aiff in Resources */,
				05115F9326876F2400172550 /* SF-Pro-Rounded-Light.otf in Resources */,
				055C9AA6268312AE00BC66A2 /* PlayScreenMultiplayer .storyboard in Resources */,
				368BCB0E2686BCF700AA4ADD /* G4g.aiff in Resources */,
				050464C9268746EE00536673 /* C5.aiff in Resources */,
				05115F9526876F2400172550 /* SF-Pro-Rounded-Ultralight.otf in Resources */,
				05F51A91267F8C6A0084EEA3 /* MPC.storyboard in Resources */,
				050464C8268746EE00536673 /* C4.aiff in Resources */,
				050464C6268746EE00536673 /* F4.aiff in Resources */,
				368BCB042686BCF700AA4ADD /* D4g.aiff in Resources */,
				05019B1326810B53009D2B7C /* Opening.storyboard in Resources */,
				368BCB002686BCF700AA4ADD /* G5g.aiff in Resources */,
				8F26BD372677919900F020D7 /* LaunchScreen.storyboard in Resources */,
				368BCB0A2686BCF700AA4ADD /* C5g.aiff in Resources */,
				368BCB052686BCF700AA4ADD /* C6g.aiff in Resources */,
				05115F9626876F2400172550 /* SF-Pro-Rounded-Regular.otf in Resources */,
				368BCB082686BCF700AA4ADD /* A4g.aiff in Resources */,
				368BCB032686BCF700AA4ADD /* A5g.aiff in Resources */,
				368BCB0D2686BCF700AA4ADD /* F5g.aiff in Resources */,
				368BCB062686BCF700AA4ADD /* F4g.aiff in Resources */,
				055C9AAC2683149A00BC66A2 /* Badges.storyboard in Resources */,
				050464CB268746EE00536673 /* B4.aiff in Resources */,
				05D4F9D72685CFC8009D8DD3 /* NewPlayScreen.storyboard in Resources */,
				05115F9226876F2400172550 /* SF-Pro-Rounded-Black.otf in Resources */,
				360B7697268497970036FC55 /* Suwe.mp3 in Resources */,
				8F26BD342677919900F020D7 /* Assets.xcassets in Resources */,
				368BCB022686BCF700AA4ADD /* D5g.aiff in Resources */,
				050464CC268746EE00536673 /* G4.aiff in Resources */,
				050464C7268746EE00536673 /* D4.aiff in Resources */,
				050464C5268746EE00536673 /* A4.aiff in Resources */,
				05115F8E26876F2400172550 /* SF-Pro-Rounded-Medium.otf in Resources */,
				368BCB0B2686BCF700AA4ADD /* B4g.aiff in Resources */,
				368BCB0C2686BCF700AA4ADD /* C4g.aiff in Resources */,
				05115F9426876F2400172550 /* SF-Pro-Rounded-Bold.otf in Resources */,
				368BCB072686BCF700AA4ADD /* B5g.aiff in Resources */,
				05115F9026876F2400172550 /* SF-Pro-Rounded-Semibold.otf in Resources */,
				0517768D26832A0600C895A8 /* Congratulations.storyboard in Resources */,
				05115F8F26876F2400172550 /* SF-Pro-Rounded-Heavy.otf in Resources */,
				368BCB092686BCF700AA4ADD /* E4g.aiff in Resources */,
				050464CA268746EE00536673 /* E4.aiff in Resources */,
				8F26BD2F2677919800F020D7 /* Main.storyboard in Resources */,
				05596F9D2684F73700F5769E /* PartiturCollectionViewCell.xib in Resources */,
			);
			runOnlyForDeploymentPostprocessing = 0;
		};
		8F26BD3B2677919900F020D7 /* Resources */ = {
			isa = PBXResourcesBuildPhase;
			buildActionMask = 2147483647;
			files = (
			);
			runOnlyForDeploymentPostprocessing = 0;
		};
		8F26BD462677919900F020D7 /* Resources */ = {
			isa = PBXResourcesBuildPhase;
			buildActionMask = 2147483647;
			files = (
			);
			runOnlyForDeploymentPostprocessing = 0;
		};
/* End PBXResourcesBuildPhase section */

/* Begin PBXSourcesBuildPhase section */
		8F26BD202677919800F020D7 /* Sources */ = {
			isa = PBXSourcesBuildPhase;
			buildActionMask = 2147483647;
			files = (
				8FCCCCDA26788E8E009FAC16 /* LevelSelectionViewController.swift in Sources */,
				3F10AD882682EB4600B23403 /* gifLoader.swift in Sources */,
				8F26BD2C2677919800F020D7 /* ViewController.swift in Sources */,
				055C9AAA2683144000BC66A2 /* NotSelectedViewController.swift in Sources */,
				8FCCCCE6267B445B009FAC16 /* SongSelectionTableViewCell.swift in Sources */,
				8FCCCCB62677C788009FAC16 /* FreePlayViewController.swift in Sources */,
				8FCCCCDE2678C046009FAC16 /* LevelSelectionViewCell.swift in Sources */,
				05F51A93267F8CD20084EEA3 /* MPCViewController.swift in Sources */,
				8F26BD282677919800F020D7 /* AppDelegate.swift in Sources */,
				8FCCCCE02679F3D9009FAC16 /* LevelPlayViewController.swift in Sources */,
				8FCCCCE4267B3FC0009FAC16 /* SelectSongViewController.swift in Sources */,
				05596F9C2684F73700F5769E /* PartiturCollectionViewCell.swift in Sources */,
				8F26BD2A2677919800F020D7 /* SceneDelegate.swift in Sources */,
				8FC1D9252680A629009A2FF5 /* SongInformationModalViewController.swift in Sources */,
				055D0A622682D5BF00917872 /* ChoosePlayerViewController.swift in Sources */,
				055C9AA8268313D200BC66A2 /* CongratulationsViewController.swift in Sources */,
				8F26BD322677919800F020D7 /* BimbarAngklungApp.xcdatamodeld in Sources */,
				05596F972684E77100F5769E /* NewPlayViewController.swift in Sources */,
				055C9AAE268314B500BC66A2 /* BadgesViewController.swift in Sources */,
				05F51A97267F9DE00084EEA3 /* Song.swift in Sources */,
				3F1223BF26845F05001C437C /* PlayViewController.swift in Sources */,
				3F0F44EB267F2C1600C23FEA /* PickNotViewController.swift in Sources */,
			);
			runOnlyForDeploymentPostprocessing = 0;
		};
		8F26BD392677919900F020D7 /* Sources */ = {
			isa = PBXSourcesBuildPhase;
			buildActionMask = 2147483647;
			files = (
				8F26BD422677919900F020D7 /* BimbarAngklungAppTests.swift in Sources */,
			);
			runOnlyForDeploymentPostprocessing = 0;
		};
		8F26BD442677919900F020D7 /* Sources */ = {
			isa = PBXSourcesBuildPhase;
			buildActionMask = 2147483647;
			files = (
				8F26BD4D2677919900F020D7 /* BimbarAngklungAppUITests.swift in Sources */,
			);
			runOnlyForDeploymentPostprocessing = 0;
		};
/* End PBXSourcesBuildPhase section */

/* Begin PBXTargetDependency section */
		8F26BD3F2677919900F020D7 /* PBXTargetDependency */ = {
			isa = PBXTargetDependency;
			target = 8F26BD232677919800F020D7 /* BimbarAngklungApp */;
			targetProxy = 8F26BD3E2677919900F020D7 /* PBXContainerItemProxy */;
		};
		8F26BD4A2677919900F020D7 /* PBXTargetDependency */ = {
			isa = PBXTargetDependency;
			target = 8F26BD232677919800F020D7 /* BimbarAngklungApp */;
			targetProxy = 8F26BD492677919900F020D7 /* PBXContainerItemProxy */;
		};
/* End PBXTargetDependency section */

/* Begin PBXVariantGroup section */
		8F26BD2D2677919800F020D7 /* Main.storyboard */ = {
			isa = PBXVariantGroup;
			children = (
				8F26BD2E2677919800F020D7 /* Base */,
			);
			name = Main.storyboard;
			sourceTree = "<group>";
		};
		8F26BD352677919900F020D7 /* LaunchScreen.storyboard */ = {
			isa = PBXVariantGroup;
			children = (
				8F26BD362677919900F020D7 /* Base */,
			);
			name = LaunchScreen.storyboard;
			sourceTree = "<group>";
		};
/* End PBXVariantGroup section */

/* Begin XCBuildConfiguration section */
		8F26BD4F2677919900F020D7 /* Debug */ = {
			isa = XCBuildConfiguration;
			buildSettings = {
				ALWAYS_SEARCH_USER_PATHS = NO;
				CLANG_ANALYZER_NONNULL = YES;
				CLANG_ANALYZER_NUMBER_OBJECT_CONVERSION = YES_AGGRESSIVE;
				CLANG_CXX_LANGUAGE_STANDARD = "gnu++14";
				CLANG_CXX_LIBRARY = "libc++";
				CLANG_ENABLE_MODULES = YES;
				CLANG_ENABLE_OBJC_ARC = YES;
				CLANG_ENABLE_OBJC_WEAK = YES;
				CLANG_WARN_BLOCK_CAPTURE_AUTORELEASING = YES;
				CLANG_WARN_BOOL_CONVERSION = YES;
				CLANG_WARN_COMMA = YES;
				CLANG_WARN_CONSTANT_CONVERSION = YES;
				CLANG_WARN_DEPRECATED_OBJC_IMPLEMENTATIONS = YES;
				CLANG_WARN_DIRECT_OBJC_ISA_USAGE = YES_ERROR;
				CLANG_WARN_DOCUMENTATION_COMMENTS = YES;
				CLANG_WARN_EMPTY_BODY = YES;
				CLANG_WARN_ENUM_CONVERSION = YES;
				CLANG_WARN_INFINITE_RECURSION = YES;
				CLANG_WARN_INT_CONVERSION = YES;
				CLANG_WARN_NON_LITERAL_NULL_CONVERSION = YES;
				CLANG_WARN_OBJC_IMPLICIT_RETAIN_SELF = YES;
				CLANG_WARN_OBJC_LITERAL_CONVERSION = YES;
				CLANG_WARN_OBJC_ROOT_CLASS = YES_ERROR;
				CLANG_WARN_QUOTED_INCLUDE_IN_FRAMEWORK_HEADER = YES;
				CLANG_WARN_RANGE_LOOP_ANALYSIS = YES;
				CLANG_WARN_STRICT_PROTOTYPES = YES;
				CLANG_WARN_SUSPICIOUS_MOVE = YES;
				CLANG_WARN_UNGUARDED_AVAILABILITY = YES_AGGRESSIVE;
				CLANG_WARN_UNREACHABLE_CODE = YES;
				CLANG_WARN__DUPLICATE_METHOD_MATCH = YES;
				COPY_PHASE_STRIP = NO;
				DEBUG_INFORMATION_FORMAT = dwarf;
				ENABLE_STRICT_OBJC_MSGSEND = YES;
				ENABLE_TESTABILITY = YES;
				GCC_C_LANGUAGE_STANDARD = gnu11;
				GCC_DYNAMIC_NO_PIC = NO;
				GCC_NO_COMMON_BLOCKS = YES;
				GCC_OPTIMIZATION_LEVEL = 0;
				GCC_PREPROCESSOR_DEFINITIONS = (
					"DEBUG=1",
					"$(inherited)",
				);
				GCC_WARN_64_TO_32_BIT_CONVERSION = YES;
				GCC_WARN_ABOUT_RETURN_TYPE = YES_ERROR;
				GCC_WARN_UNDECLARED_SELECTOR = YES;
				GCC_WARN_UNINITIALIZED_AUTOS = YES_AGGRESSIVE;
				GCC_WARN_UNUSED_FUNCTION = YES;
				GCC_WARN_UNUSED_VARIABLE = YES;
				IPHONEOS_DEPLOYMENT_TARGET = 14.5;
				MTL_ENABLE_DEBUG_INFO = INCLUDE_SOURCE;
				MTL_FAST_MATH = YES;
				ONLY_ACTIVE_ARCH = YES;
				SDKROOT = iphoneos;
				SWIFT_ACTIVE_COMPILATION_CONDITIONS = DEBUG;
				SWIFT_OPTIMIZATION_LEVEL = "-Onone";
			};
			name = Debug;
		};
		8F26BD502677919900F020D7 /* Release */ = {
			isa = XCBuildConfiguration;
			buildSettings = {
				ALWAYS_SEARCH_USER_PATHS = NO;
				CLANG_ANALYZER_NONNULL = YES;
				CLANG_ANALYZER_NUMBER_OBJECT_CONVERSION = YES_AGGRESSIVE;
				CLANG_CXX_LANGUAGE_STANDARD = "gnu++14";
				CLANG_CXX_LIBRARY = "libc++";
				CLANG_ENABLE_MODULES = YES;
				CLANG_ENABLE_OBJC_ARC = YES;
				CLANG_ENABLE_OBJC_WEAK = YES;
				CLANG_WARN_BLOCK_CAPTURE_AUTORELEASING = YES;
				CLANG_WARN_BOOL_CONVERSION = YES;
				CLANG_WARN_COMMA = YES;
				CLANG_WARN_CONSTANT_CONVERSION = YES;
				CLANG_WARN_DEPRECATED_OBJC_IMPLEMENTATIONS = YES;
				CLANG_WARN_DIRECT_OBJC_ISA_USAGE = YES_ERROR;
				CLANG_WARN_DOCUMENTATION_COMMENTS = YES;
				CLANG_WARN_EMPTY_BODY = YES;
				CLANG_WARN_ENUM_CONVERSION = YES;
				CLANG_WARN_INFINITE_RECURSION = YES;
				CLANG_WARN_INT_CONVERSION = YES;
				CLANG_WARN_NON_LITERAL_NULL_CONVERSION = YES;
				CLANG_WARN_OBJC_IMPLICIT_RETAIN_SELF = YES;
				CLANG_WARN_OBJC_LITERAL_CONVERSION = YES;
				CLANG_WARN_OBJC_ROOT_CLASS = YES_ERROR;
				CLANG_WARN_QUOTED_INCLUDE_IN_FRAMEWORK_HEADER = YES;
				CLANG_WARN_RANGE_LOOP_ANALYSIS = YES;
				CLANG_WARN_STRICT_PROTOTYPES = YES;
				CLANG_WARN_SUSPICIOUS_MOVE = YES;
				CLANG_WARN_UNGUARDED_AVAILABILITY = YES_AGGRESSIVE;
				CLANG_WARN_UNREACHABLE_CODE = YES;
				CLANG_WARN__DUPLICATE_METHOD_MATCH = YES;
				COPY_PHASE_STRIP = NO;
				DEBUG_INFORMATION_FORMAT = "dwarf-with-dsym";
				ENABLE_NS_ASSERTIONS = NO;
				ENABLE_STRICT_OBJC_MSGSEND = YES;
				GCC_C_LANGUAGE_STANDARD = gnu11;
				GCC_NO_COMMON_BLOCKS = YES;
				GCC_WARN_64_TO_32_BIT_CONVERSION = YES;
				GCC_WARN_ABOUT_RETURN_TYPE = YES_ERROR;
				GCC_WARN_UNDECLARED_SELECTOR = YES;
				GCC_WARN_UNINITIALIZED_AUTOS = YES_AGGRESSIVE;
				GCC_WARN_UNUSED_FUNCTION = YES;
				GCC_WARN_UNUSED_VARIABLE = YES;
				IPHONEOS_DEPLOYMENT_TARGET = 14.5;
				MTL_ENABLE_DEBUG_INFO = NO;
				MTL_FAST_MATH = YES;
				SDKROOT = iphoneos;
				SWIFT_COMPILATION_MODE = wholemodule;
				SWIFT_OPTIMIZATION_LEVEL = "-O";
				VALIDATE_PRODUCT = YES;
			};
			name = Release;
		};
		8F26BD522677919900F020D7 /* Debug */ = {
			isa = XCBuildConfiguration;
			buildSettings = {
				ASSETCATALOG_COMPILER_APPICON_NAME = AppIcon;
				ASSETCATALOG_COMPILER_GLOBAL_ACCENT_COLOR_NAME = AccentColor;
				CODE_SIGN_STYLE = Automatic;
				DEVELOPMENT_TEAM = 288T5B82LA;
				INFOPLIST_FILE = BimbarAngklungApp/Info.plist;
				LD_RUNPATH_SEARCH_PATHS = (
					"$(inherited)",
					"@executable_path/Frameworks",
				);
				PRODUCT_BUNDLE_IDENTIFIER = Bimbar.BimbarAngklungApp;
				PRODUCT_NAME = "$(TARGET_NAME)";
				SWIFT_VERSION = 5.0;
				TARGETED_DEVICE_FAMILY = 1;
			};
			name = Debug;
		};
		8F26BD532677919900F020D7 /* Release */ = {
			isa = XCBuildConfiguration;
			buildSettings = {
				ASSETCATALOG_COMPILER_APPICON_NAME = AppIcon;
				ASSETCATALOG_COMPILER_GLOBAL_ACCENT_COLOR_NAME = AccentColor;
				CODE_SIGN_STYLE = Automatic;
				DEVELOPMENT_TEAM = 288T5B82LA;
				INFOPLIST_FILE = BimbarAngklungApp/Info.plist;
				LD_RUNPATH_SEARCH_PATHS = (
					"$(inherited)",
					"@executable_path/Frameworks",
				);
				PRODUCT_BUNDLE_IDENTIFIER = Bimbar.BimbarAngklungApp;
				PRODUCT_NAME = "$(TARGET_NAME)";
				SWIFT_VERSION = 5.0;
				TARGETED_DEVICE_FAMILY = 1;
			};
			name = Release;
		};
		8F26BD552677919900F020D7 /* Debug */ = {
			isa = XCBuildConfiguration;
			buildSettings = {
				ALWAYS_EMBED_SWIFT_STANDARD_LIBRARIES = YES;
				BUNDLE_LOADER = "$(TEST_HOST)";
				CODE_SIGN_STYLE = Automatic;
				DEVELOPMENT_TEAM = J35A6FFNU8;
				INFOPLIST_FILE = BimbarAngklungAppTests/Info.plist;
				IPHONEOS_DEPLOYMENT_TARGET = 14.5;
				LD_RUNPATH_SEARCH_PATHS = (
					"$(inherited)",
					"@executable_path/Frameworks",
					"@loader_path/Frameworks",
				);
				PRODUCT_BUNDLE_IDENTIFIER = Bimbar.BimbarAngklungAppTests;
				PRODUCT_NAME = "$(TARGET_NAME)";
				SWIFT_VERSION = 5.0;
				TARGETED_DEVICE_FAMILY = "1,2";
				TEST_HOST = "$(BUILT_PRODUCTS_DIR)/BimbarAngklungApp.app/BimbarAngklungApp";
			};
			name = Debug;
		};
		8F26BD562677919900F020D7 /* Release */ = {
			isa = XCBuildConfiguration;
			buildSettings = {
				ALWAYS_EMBED_SWIFT_STANDARD_LIBRARIES = YES;
				BUNDLE_LOADER = "$(TEST_HOST)";
				CODE_SIGN_STYLE = Automatic;
				DEVELOPMENT_TEAM = J35A6FFNU8;
				INFOPLIST_FILE = BimbarAngklungAppTests/Info.plist;
				IPHONEOS_DEPLOYMENT_TARGET = 14.5;
				LD_RUNPATH_SEARCH_PATHS = (
					"$(inherited)",
					"@executable_path/Frameworks",
					"@loader_path/Frameworks",
				);
				PRODUCT_BUNDLE_IDENTIFIER = Bimbar.BimbarAngklungAppTests;
				PRODUCT_NAME = "$(TARGET_NAME)";
				SWIFT_VERSION = 5.0;
				TARGETED_DEVICE_FAMILY = "1,2";
				TEST_HOST = "$(BUILT_PRODUCTS_DIR)/BimbarAngklungApp.app/BimbarAngklungApp";
			};
			name = Release;
		};
		8F26BD582677919900F020D7 /* Debug */ = {
			isa = XCBuildConfiguration;
			buildSettings = {
				ALWAYS_EMBED_SWIFT_STANDARD_LIBRARIES = YES;
				CODE_SIGN_STYLE = Automatic;
				DEVELOPMENT_TEAM = J35A6FFNU8;
				INFOPLIST_FILE = BimbarAngklungAppUITests/Info.plist;
				LD_RUNPATH_SEARCH_PATHS = (
					"$(inherited)",
					"@executable_path/Frameworks",
					"@loader_path/Frameworks",
				);
				PRODUCT_BUNDLE_IDENTIFIER = Bimbar.BimbarAngklungAppUITests;
				PRODUCT_NAME = "$(TARGET_NAME)";
				SWIFT_VERSION = 5.0;
				TARGETED_DEVICE_FAMILY = "1,2";
				TEST_TARGET_NAME = BimbarAngklungApp;
			};
			name = Debug;
		};
		8F26BD592677919900F020D7 /* Release */ = {
			isa = XCBuildConfiguration;
			buildSettings = {
				ALWAYS_EMBED_SWIFT_STANDARD_LIBRARIES = YES;
				CODE_SIGN_STYLE = Automatic;
				DEVELOPMENT_TEAM = J35A6FFNU8;
				INFOPLIST_FILE = BimbarAngklungAppUITests/Info.plist;
				LD_RUNPATH_SEARCH_PATHS = (
					"$(inherited)",
					"@executable_path/Frameworks",
					"@loader_path/Frameworks",
				);
				PRODUCT_BUNDLE_IDENTIFIER = Bimbar.BimbarAngklungAppUITests;
				PRODUCT_NAME = "$(TARGET_NAME)";
				SWIFT_VERSION = 5.0;
				TARGETED_DEVICE_FAMILY = "1,2";
				TEST_TARGET_NAME = BimbarAngklungApp;
			};
			name = Release;
		};
/* End XCBuildConfiguration section */

/* Begin XCConfigurationList section */
		8F26BD1F2677919800F020D7 /* Build configuration list for PBXProject "BimbarAngklungApp" */ = {
			isa = XCConfigurationList;
			buildConfigurations = (
				8F26BD4F2677919900F020D7 /* Debug */,
				8F26BD502677919900F020D7 /* Release */,
			);
			defaultConfigurationIsVisible = 0;
			defaultConfigurationName = Release;
		};
		8F26BD512677919900F020D7 /* Build configuration list for PBXNativeTarget "BimbarAngklungApp" */ = {
			isa = XCConfigurationList;
			buildConfigurations = (
				8F26BD522677919900F020D7 /* Debug */,
				8F26BD532677919900F020D7 /* Release */,
			);
			defaultConfigurationIsVisible = 0;
			defaultConfigurationName = Release;
		};
		8F26BD542677919900F020D7 /* Build configuration list for PBXNativeTarget "BimbarAngklungAppTests" */ = {
			isa = XCConfigurationList;
			buildConfigurations = (
				8F26BD552677919900F020D7 /* Debug */,
				8F26BD562677919900F020D7 /* Release */,
			);
			defaultConfigurationIsVisible = 0;
			defaultConfigurationName = Release;
		};
		8F26BD572677919900F020D7 /* Build configuration list for PBXNativeTarget "BimbarAngklungAppUITests" */ = {
			isa = XCConfigurationList;
			buildConfigurations = (
				8F26BD582677919900F020D7 /* Debug */,
				8F26BD592677919900F020D7 /* Release */,
			);
			defaultConfigurationIsVisible = 0;
			defaultConfigurationName = Release;
		};
/* End XCConfigurationList section */

/* Begin XCVersionGroup section */
		8F26BD302677919800F020D7 /* BimbarAngklungApp.xcdatamodeld */ = {
			isa = XCVersionGroup;
			children = (
				8F26BD312677919800F020D7 /* BimbarAngklungApp.xcdatamodel */,
			);
			currentVersion = 8F26BD312677919800F020D7 /* BimbarAngklungApp.xcdatamodel */;
			path = BimbarAngklungApp.xcdatamodeld;
			sourceTree = "<group>";
			versionGroupType = wrapper.xcdatamodel;
		};
/* End XCVersionGroup section */
	};
	rootObject = 8F26BD1C2677919800F020D7 /* Project object */;
}
